
Microsoft Visual Studio Solution File, Format Version 12.00
# Visual Studio Version 17
VisualStudioVersion = 17.5.33530.505
MinimumVisualStudioVersion = 10.0.40219.1
Project("{FAE04EC0-301F-11D3-BF4B-00C04F79EFBC}") = "26_04Aula", "26_04Aula\26_04Aula.csproj", "{5F9A4C80-DF71-41FC-8E79-02B505D3CED3}"
EndProject
Global
	GlobalSection(SolutionConfigurationPlatforms) = preSolution
		Debug|Any CPU = Debug|Any CPU
		Release|Any CPU = Release|Any CPU
	EndGlobalSection
	GlobalSection(ProjectConfigurationPlatforms) = postSolution
		{5F9A4C80-DF71-41FC-8E79-02B505D3CED3}.Debug|Any CPU.ActiveCfg = Debug|Any CPU
		{5F9A4C80-DF71-41FC-8E79-02B505D3CED3}.Debug|Any CPU.Build.0 = Debug|Any CPU
		{5F9A4C80-DF71-41FC-8E79-02B505D3CED3}.Release|Any CPU.ActiveCfg = Release|Any CPU
		{5F9A4C80-DF71-41FC-8E79-02B505D3CED3}.Release|Any CPU.Build.0 = Release|Any CPU
	EndGlobalSection
	GlobalSection(SolutionProperties) = preSolution
		HideSolutionNode = FALSE
	EndGlobalSection
	GlobalSection(ExtensibilityGlobals) = postSolution
		SolutionGuid = {4E804B4F-6865-4C69-A1D4-F07F5A2A177C}
	EndGlobalSection
EndGlobal
