
Microsoft Visual Studio Solution File, Format Version 12.00
# Visual Studio Version 17
VisualStudioVersion = 17.5.33530.505
MinimumVisualStudioVersion = 10.0.40219.1
Project("{FAE04EC0-301F-11D3-BF4B-00C04F79EFBC}") = "Exercicios1_2C", "Exercicios1_2C\Exercicios1_2C.csproj", "{4E830E72-DA3E-4D88-A8A6-897D7C6DDAFA}"
EndProject
Global
	GlobalSection(SolutionConfigurationPlatforms) = preSolution
		Debug|Any CPU = Debug|Any CPU
		Release|Any CPU = Release|Any CPU
	EndGlobalSection
	GlobalSection(ProjectConfigurationPlatforms) = postSolution
		{4E830E72-DA3E-4D88-A8A6-897D7C6DDAFA}.Debug|Any CPU.ActiveCfg = Debug|Any CPU
		{4E830E72-DA3E-4D88-A8A6-897D7C6DDAFA}.Debug|Any CPU.Build.0 = Debug|Any CPU
		{4E830E72-DA3E-4D88-A8A6-897D7C6DDAFA}.Release|Any CPU.ActiveCfg = Release|Any CPU
		{4E830E72-DA3E-4D88-A8A6-897D7C6DDAFA}.Release|Any CPU.Build.0 = Release|Any CPU
	EndGlobalSection
	GlobalSection(SolutionProperties) = preSolution
		HideSolutionNode = FALSE
	EndGlobalSection
	GlobalSection(ExtensibilityGlobals) = postSolution
		SolutionGuid = {63603DA7-0820-4EC3-AD83-3DD5EDCF713E}
	EndGlobalSection
EndGlobal
